
Microsoft Visual Studio Solution File, Format Version 12.00
# Visual Studio Version 17
VisualStudioVersion = 17.11.35208.52
MinimumVisualStudioVersion = 10.0.40219.1
Project("{9A19103F-16F7-4668-BE54-9A1E7A4F7556}") = "Stefanini.API", "Stefanini.API\Stefanini.API.csproj", "{565983B8-8C1C-44E8-9925-5D229D92F7BC}"
EndProject
Project("{FAE04EC0-301F-11D3-BF4B-00C04F79EFBC}") = "Stefanini.Domain", "Stefanini.Domain\Stefanini.Domain.csproj", "{2FCBB22D-5F61-47C6-A73C-36A23D512F27}"
EndProject
Project("{FAE04EC0-301F-11D3-BF4B-00C04F79EFBC}") = "Stefanini.Infrastructure", "Stefanini.Infrastructure\Stefanini.Infrastructure.csproj", "{F7BFE960-775B-4884-9C5D-9F4C6A8CAED8}"
EndProject
Project("{FAE04EC0-301F-11D3-BF4B-00C04F79EFBC}") = "Stefanini.Services", "Stefanini.Services\Stefanini.Services.csproj", "{6BF42AEA-48A0-4C4E-A62C-65C4FAC80BD2}"
EndProject
Global
	GlobalSection(SolutionConfigurationPlatforms) = preSolution
		Debug|Any CPU = Debug|Any CPU
		Release|Any CPU = Release|Any CPU
	EndGlobalSection
	GlobalSection(ProjectConfigurationPlatforms) = postSolution
		{565983B8-8C1C-44E8-9925-5D229D92F7BC}.Debug|Any CPU.ActiveCfg = Debug|Any CPU
		{565983B8-8C1C-44E8-9925-5D229D92F7BC}.Debug|Any CPU.Build.0 = Debug|Any CPU
		{565983B8-8C1C-44E8-9925-5D229D92F7BC}.Release|Any CPU.ActiveCfg = Release|Any CPU
		{565983B8-8C1C-44E8-9925-5D229D92F7BC}.Release|Any CPU.Build.0 = Release|Any CPU
		{2FCBB22D-5F61-47C6-A73C-36A23D512F27}.Debug|Any CPU.ActiveCfg = Debug|Any CPU
		{2FCBB22D-5F61-47C6-A73C-36A23D512F27}.Debug|Any CPU.Build.0 = Debug|Any CPU
		{2FCBB22D-5F61-47C6-A73C-36A23D512F27}.Release|Any CPU.ActiveCfg = Release|Any CPU
		{2FCBB22D-5F61-47C6-A73C-36A23D512F27}.Release|Any CPU.Build.0 = Release|Any CPU
		{F7BFE960-775B-4884-9C5D-9F4C6A8CAED8}.Debug|Any CPU.ActiveCfg = Debug|Any CPU
		{F7BFE960-775B-4884-9C5D-9F4C6A8CAED8}.Debug|Any CPU.Build.0 = Debug|Any CPU
		{F7BFE960-775B-4884-9C5D-9F4C6A8CAED8}.Release|Any CPU.ActiveCfg = Release|Any CPU
		{F7BFE960-775B-4884-9C5D-9F4C6A8CAED8}.Release|Any CPU.Build.0 = Release|Any CPU
		{6BF42AEA-48A0-4C4E-A62C-65C4FAC80BD2}.Debug|Any CPU.ActiveCfg = Debug|Any CPU
		{6BF42AEA-48A0-4C4E-A62C-65C4FAC80BD2}.Debug|Any CPU.Build.0 = Debug|Any CPU
		{6BF42AEA-48A0-4C4E-A62C-65C4FAC80BD2}.Release|Any CPU.ActiveCfg = Release|Any CPU
		{6BF42AEA-48A0-4C4E-A62C-65C4FAC80BD2}.Release|Any CPU.Build.0 = Release|Any CPU
	EndGlobalSection
	GlobalSection(SolutionProperties) = preSolution
		HideSolutionNode = FALSE
	EndGlobalSection
	GlobalSection(ExtensibilityGlobals) = postSolution
		SolutionGuid = {06401F59-BCF0-40C2-ABD2-8D4803C274DB}
	EndGlobalSection
EndGlobal
